
Microsoft Visual Studio Solution File, Format Version 12.00
# Visual Studio 15
VisualStudioVersion = 15.0.27703.2042
MinimumVisualStudioVersion = 10.0.40219.1
Project("{6EC3EE1D-3C4E-46DD-8F32-0CC8E7565705}") = "Acadian.FSharp", "Acadian.FSharp\Acadian.FSharp.fsproj", "{FD67884A-4077-47B2-88C9-A873AD80F8C9}"
EndProject
Project("{F2A71F9B-5D33-465A-A702-920D77279786}") = "Acadian.FSharp-net45", "Acadian.FSharp-net45\Acadian.FSharp-net45.fsproj", "{51F02E4A-9B43-4951-BC0E-52BF2118E7F5}"
EndProject
Project("{2150E333-8FDC-42A3-9474-1A3956D46DE8}") = "Solution Items", "Solution Items", "{1CCB5220-5D03-44E3-A0D2-FE1ACF9B8406}"
	ProjectSection(SolutionItems) = preProject
		paket.dependencies = paket.dependencies
		paket.template = paket.template
		README.md = README.md
	EndProjectSection
EndProject
Global
	GlobalSection(SolutionConfigurationPlatforms) = preSolution
		Debug|Any CPU = Debug|Any CPU
		Release|Any CPU = Release|Any CPU
	EndGlobalSection
	GlobalSection(ProjectConfigurationPlatforms) = postSolution
		{FD67884A-4077-47B2-88C9-A873AD80F8C9}.Debug|Any CPU.ActiveCfg = Debug|Any CPU
		{FD67884A-4077-47B2-88C9-A873AD80F8C9}.Debug|Any CPU.Build.0 = Debug|Any CPU
		{FD67884A-4077-47B2-88C9-A873AD80F8C9}.Release|Any CPU.ActiveCfg = Release|Any CPU
		{FD67884A-4077-47B2-88C9-A873AD80F8C9}.Release|Any CPU.Build.0 = Release|Any CPU
		{51F02E4A-9B43-4951-BC0E-52BF2118E7F5}.Debug|Any CPU.ActiveCfg = Debug|Any CPU
		{51F02E4A-9B43-4951-BC0E-52BF2118E7F5}.Debug|Any CPU.Build.0 = Debug|Any CPU
		{51F02E4A-9B43-4951-BC0E-52BF2118E7F5}.Release|Any CPU.ActiveCfg = Release|Any CPU
		{51F02E4A-9B43-4951-BC0E-52BF2118E7F5}.Release|Any CPU.Build.0 = Release|Any CPU
	EndGlobalSection
	GlobalSection(SolutionProperties) = preSolution
		HideSolutionNode = FALSE
	EndGlobalSection
	GlobalSection(ExtensibilityGlobals) = postSolution
		SolutionGuid = {7A5CA8BF-59DD-4687-817E-8EAE728F05FA}
	EndGlobalSection
EndGlobal
